// !$*UTF8*$!
{
	archiveVersion = 1;
	classes = {
	};
	objectVersion = 51;
	objects = {

/* Begin PBXBuildFile section */
		1CE4E424C3AC5B7DF30050A2 /* Pods_Movie_App_Task.framework in Frameworks */ = {isa = PBXBuildFile; fileRef = ABBDF5FFF900D1996431CE47 /* Pods_Movie_App_Task.framework */; };
		4E08D8B1230966A90081DBE9 /* BaseCell.swift in Sources */ = {isa = PBXBuildFile; fileRef = 4E08D8B0230966A90081DBE9 /* BaseCell.swift */; };
		4E08D8B3230966E00081DBE9 /* MovieCell.swift in Sources */ = {isa = PBXBuildFile; fileRef = 4E08D8B2230966E00081DBE9 /* MovieCell.swift */; };
		4E08D8B6230968370081DBE9 /* UpComingCell.swift in Sources */ = {isa = PBXBuildFile; fileRef = 4E08D8B5230968370081DBE9 /* UpComingCell.swift */; };
		4E08D8B823096A8B0081DBE9 /* NowPlayingCell.swift in Sources */ = {isa = PBXBuildFile; fileRef = 4E08D8B723096A8B0081DBE9 /* NowPlayingCell.swift */; };
		4E08D8BA23096AAD0081DBE9 /* PopluarCell.swift in Sources */ = {isa = PBXBuildFile; fileRef = 4E08D8B923096AAD0081DBE9 /* PopluarCell.swift */; };
		4E3714A22309A91400FD0BAA /* LatestCell.swift in Sources */ = {isa = PBXBuildFile; fileRef = 4E3714A12309A91400FD0BAA /* LatestCell.swift */; };
		4E5FA7B622FDC3FB0021B90E /* MovieModel.swift in Sources */ = {isa = PBXBuildFile; fileRef = 4E5FA7B522FDC3FB0021B90E /* MovieModel.swift */; };
		4E5FBB1022FD949900DB4338 /* UserModel.swift in Sources */ = {isa = PBXBuildFile; fileRef = 4E5FBB0F22FD949900DB4338 /* UserModel.swift */; };
		4E5FBB1322FD95FB00DB4338 /* Services.swift in Sources */ = {isa = PBXBuildFile; fileRef = 4E5FBB1222FD95FB00DB4338 /* Services.swift */; };
		4E6C1E422309A22C00DC7E30 /* TopRatedCell.swift in Sources */ = {isa = PBXBuildFile; fileRef = 4E6C1E412309A22C00DC7E30 /* TopRatedCell.swift */; };
		4E8EC7E3233906650071B672 /* MovieListHorizentalVC.swift in Sources */ = {isa = PBXBuildFile; fileRef = 4E8EC7E2233906650071B672 /* MovieListHorizentalVC.swift */; };
		4E8EC7E5233906B80071B672 /* SnappingHorizentalVC.swift in Sources */ = {isa = PBXBuildFile; fileRef = 4E8EC7E4233906B80071B672 /* SnappingHorizentalVC.swift */; };
		4E8EC7E7233908030071B672 /* BetterSnappingLayout.swift in Sources */ = {isa = PBXBuildFile; fileRef = 4E8EC7E6233908030071B672 /* BetterSnappingLayout.swift */; };
		4E8EC7EA233916050071B672 /* SearchMoviesVC.swift in Sources */ = {isa = PBXBuildFile; fileRef = 4E8EC7E9233916050071B672 /* SearchMoviesVC.swift */; };
		4E9725C522FD6141002D288D /* AppDelegate.swift in Sources */ = {isa = PBXBuildFile; fileRef = 4E9725C422FD6141002D288D /* AppDelegate.swift */; };
		4E9725C722FD6141002D288D /* LoginVC.swift in Sources */ = {isa = PBXBuildFile; fileRef = 4E9725C622FD6141002D288D /* LoginVC.swift */; };
		4E9725CA22FD6141002D288D /* Main.storyboard in Resources */ = {isa = PBXBuildFile; fileRef = 4E9725C822FD6141002D288D /* Main.storyboard */; };
		4E9725CC22FD6142002D288D /* Assets.xcassets in Resources */ = {isa = PBXBuildFile; fileRef = 4E9725CB22FD6142002D288D /* Assets.xcassets */; };
		4E9725CF22FD6142002D288D /* LaunchScreen.storyboard in Resources */ = {isa = PBXBuildFile; fileRef = 4E9725CD22FD6142002D288D /* LaunchScreen.storyboard */; };
		4E9725D822FD6232002D288D /* MainTabBarVC.swift in Sources */ = {isa = PBXBuildFile; fileRef = 4E9725D722FD6232002D288D /* MainTabBarVC.swift */; };
		4E9725DA22FD6272002D288D /* HomeMoviesVC.swift in Sources */ = {isa = PBXBuildFile; fileRef = 4E9725D922FD6272002D288D /* HomeMoviesVC.swift */; };
		4E9725DC22FD629A002D288D /* AccountVC.swift in Sources */ = {isa = PBXBuildFile; fileRef = 4E9725DB22FD629A002D288D /* AccountVC.swift */; };
		4E9725E122FD6641002D288D /* CustomTextField.swift in Sources */ = {isa = PBXBuildFile; fileRef = 4E9725E022FD6641002D288D /* CustomTextField.swift */; };
		4E9A869122FEB09B00248ECA /* UserDetailsModel.swift in Sources */ = {isa = PBXBuildFile; fileRef = 4E9A869022FEB09B00248ECA /* UserDetailsModel.swift */; };
		4E9AE9FF23097DB30092D31A /* HeaderCell.swift in Sources */ = {isa = PBXBuildFile; fileRef = 4E9AE9FE23097DB30092D31A /* HeaderCell.swift */; };
		4EA9AA3D22FE83DE003C4492 /* MovieDetailsCell.swift in Sources */ = {isa = PBXBuildFile; fileRef = 4EA9AA3C22FE83DE003C4492 /* MovieDetailsCell.swift */; };
		4EA9AA3F22FE92F1003C4492 /* MovieInformationVC.swift in Sources */ = {isa = PBXBuildFile; fileRef = 4EA9AA3E22FE92F1003C4492 /* MovieInformationVC.swift */; };
		4EAE4F6A233B8F410088FB06 /* ExtensionUivew.swift in Sources */ = {isa = PBXBuildFile; fileRef = 4EAE4F69233B8F410088FB06 /* ExtensionUivew.swift */; };
		4EB351E523014AE4008B417C /* DataCaching.swift in Sources */ = {isa = PBXBuildFile; fileRef = 4EB351E423014AE4008B417C /* DataCaching.swift */; };
		4EFD6092233B772000AF928A /* SearchCell.swift in Sources */ = {isa = PBXBuildFile; fileRef = 4EFD6091233B772000AF928A /* SearchCell.swift */; };
/* End PBXBuildFile section */

/* Begin PBXFileReference section */
		4E08D8B0230966A90081DBE9 /* BaseCell.swift */ = {isa = PBXFileReference; lastKnownFileType = sourcecode.swift; path = BaseCell.swift; sourceTree = "<group>"; };
		4E08D8B2230966E00081DBE9 /* MovieCell.swift */ = {isa = PBXFileReference; lastKnownFileType = sourcecode.swift; path = MovieCell.swift; sourceTree = "<group>"; };
		4E08D8B5230968370081DBE9 /* UpComingCell.swift */ = {isa = PBXFileReference; lastKnownFileType = sourcecode.swift; path = UpComingCell.swift; sourceTree = "<group>"; };
		4E08D8B723096A8B0081DBE9 /* NowPlayingCell.swift */ = {isa = PBXFileReference; lastKnownFileType = sourcecode.swift; path = NowPlayingCell.swift; sourceTree = "<group>"; };
		4E08D8B923096AAD0081DBE9 /* PopluarCell.swift */ = {isa = PBXFileReference; lastKnownFileType = sourcecode.swift; path = PopluarCell.swift; sourceTree = "<group>"; };
		4E3714A12309A91400FD0BAA /* LatestCell.swift */ = {isa = PBXFileReference; lastKnownFileType = sourcecode.swift; path = LatestCell.swift; sourceTree = "<group>"; };
		4E5FA7B522FDC3FB0021B90E /* MovieModel.swift */ = {isa = PBXFileReference; lastKnownFileType = sourcecode.swift; path = MovieModel.swift; sourceTree = "<group>"; };
		4E5FBB0F22FD949900DB4338 /* UserModel.swift */ = {isa = PBXFileReference; lastKnownFileType = sourcecode.swift; path = UserModel.swift; sourceTree = "<group>"; };
		4E5FBB1222FD95FB00DB4338 /* Services.swift */ = {isa = PBXFileReference; lastKnownFileType = sourcecode.swift; path = Services.swift; sourceTree = "<group>"; };
		4E6C1E412309A22C00DC7E30 /* TopRatedCell.swift */ = {isa = PBXFileReference; lastKnownFileType = sourcecode.swift; path = TopRatedCell.swift; sourceTree = "<group>"; };
		4E8EC7E2233906650071B672 /* MovieListHorizentalVC.swift */ = {isa = PBXFileReference; lastKnownFileType = sourcecode.swift; path = MovieListHorizentalVC.swift; sourceTree = "<group>"; };
		4E8EC7E4233906B80071B672 /* SnappingHorizentalVC.swift */ = {isa = PBXFileReference; lastKnownFileType = sourcecode.swift; path = SnappingHorizentalVC.swift; sourceTree = "<group>"; };
		4E8EC7E6233908030071B672 /* BetterSnappingLayout.swift */ = {isa = PBXFileReference; lastKnownFileType = sourcecode.swift; path = BetterSnappingLayout.swift; sourceTree = "<group>"; };
		4E8EC7E9233916050071B672 /* SearchMoviesVC.swift */ = {isa = PBXFileReference; lastKnownFileType = sourcecode.swift; path = SearchMoviesVC.swift; sourceTree = "<group>"; };
		4E9725C122FD6141002D288D /* Movie App Task.app */ = {isa = PBXFileReference; explicitFileType = wrapper.application; includeInIndex = 0; path = "Movie App Task.app"; sourceTree = BUILT_PRODUCTS_DIR; };
		4E9725C422FD6141002D288D /* AppDelegate.swift */ = {isa = PBXFileReference; lastKnownFileType = sourcecode.swift; path = AppDelegate.swift; sourceTree = "<group>"; };
		4E9725C622FD6141002D288D /* LoginVC.swift */ = {isa = PBXFileReference; lastKnownFileType = sourcecode.swift; path = LoginVC.swift; sourceTree = "<group>"; };
		4E9725C922FD6141002D288D /* Base */ = {isa = PBXFileReference; lastKnownFileType = file.storyboard; name = Base; path = Base.lproj/Main.storyboard; sourceTree = "<group>"; };
		4E9725CB22FD6142002D288D /* Assets.xcassets */ = {isa = PBXFileReference; lastKnownFileType = folder.assetcatalog; path = Assets.xcassets; sourceTree = "<group>"; };
		4E9725CE22FD6142002D288D /* Base */ = {isa = PBXFileReference; lastKnownFileType = file.storyboard; name = Base; path = Base.lproj/LaunchScreen.storyboard; sourceTree = "<group>"; };
		4E9725D022FD6142002D288D /* Info.plist */ = {isa = PBXFileReference; lastKnownFileType = text.plist.xml; path = Info.plist; sourceTree = "<group>"; };
		4E9725D722FD6232002D288D /* MainTabBarVC.swift */ = {isa = PBXFileReference; lastKnownFileType = sourcecode.swift; path = MainTabBarVC.swift; sourceTree = "<group>"; };
		4E9725D922FD6272002D288D /* HomeMoviesVC.swift */ = {isa = PBXFileReference; lastKnownFileType = sourcecode.swift; path = HomeMoviesVC.swift; sourceTree = "<group>"; };
		4E9725DB22FD629A002D288D /* AccountVC.swift */ = {isa = PBXFileReference; lastKnownFileType = sourcecode.swift; path = AccountVC.swift; sourceTree = "<group>"; };
		4E9725E022FD6641002D288D /* CustomTextField.swift */ = {isa = PBXFileReference; lastKnownFileType = sourcecode.swift; path = CustomTextField.swift; sourceTree = "<group>"; };
		4E9A869022FEB09B00248ECA /* UserDetailsModel.swift */ = {isa = PBXFileReference; lastKnownFileType = sourcecode.swift; path = UserDetailsModel.swift; sourceTree = "<group>"; };
		4E9AE9FE23097DB30092D31A /* HeaderCell.swift */ = {isa = PBXFileReference; lastKnownFileType = sourcecode.swift; path = HeaderCell.swift; sourceTree = "<group>"; };
		4EA9AA3C22FE83DE003C4492 /* MovieDetailsCell.swift */ = {isa = PBXFileReference; lastKnownFileType = sourcecode.swift; path = MovieDetailsCell.swift; sourceTree = "<group>"; };
		4EA9AA3E22FE92F1003C4492 /* MovieInformationVC.swift */ = {isa = PBXFileReference; lastKnownFileType = sourcecode.swift; path = MovieInformationVC.swift; sourceTree = "<group>"; };
		4EAE4F69233B8F410088FB06 /* ExtensionUivew.swift */ = {isa = PBXFileReference; fileEncoding = 4; lastKnownFileType = sourcecode.swift; name = ExtensionUivew.swift; path = "../../../../../ios tutorial/ExtensionUivew.swift"; sourceTree = "<group>"; };
		4EB351E423014AE4008B417C /* DataCaching.swift */ = {isa = PBXFileReference; lastKnownFileType = sourcecode.swift; path = DataCaching.swift; sourceTree = "<group>"; };
		4EFD6091233B772000AF928A /* SearchCell.swift */ = {isa = PBXFileReference; lastKnownFileType = sourcecode.swift; path = SearchCell.swift; sourceTree = "<group>"; };
		987ADFEC302C15A1FC9A0AC1 /* Pods-Movie App Task.release.xcconfig */ = {isa = PBXFileReference; includeInIndex = 1; lastKnownFileType = text.xcconfig; name = "Pods-Movie App Task.release.xcconfig"; path = "Target Support Files/Pods-Movie App Task/Pods-Movie App Task.release.xcconfig"; sourceTree = "<group>"; };
		ABBDF5FFF900D1996431CE47 /* Pods_Movie_App_Task.framework */ = {isa = PBXFileReference; explicitFileType = wrapper.framework; includeInIndex = 0; path = Pods_Movie_App_Task.framework; sourceTree = BUILT_PRODUCTS_DIR; };
		F2E7EED558903E2B0E6E98F3 /* Pods-Movie App Task.debug.xcconfig */ = {isa = PBXFileReference; includeInIndex = 1; lastKnownFileType = text.xcconfig; name = "Pods-Movie App Task.debug.xcconfig"; path = "Target Support Files/Pods-Movie App Task/Pods-Movie App Task.debug.xcconfig"; sourceTree = "<group>"; };
/* End PBXFileReference section */

/* Begin PBXFrameworksBuildPhase section */
		4E9725BE22FD6141002D288D /* Frameworks */ = {
			isa = PBXFrameworksBuildPhase;
			buildActionMask = 2147483647;
			files = (
				1CE4E424C3AC5B7DF30050A2 /* Pods_Movie_App_Task.framework in Frameworks */,
			);
			runOnlyForDeploymentPostprocessing = 0;
		};
/* End PBXFrameworksBuildPhase section */

/* Begin PBXGroup section */
		4E08D8B42309681F0081DBE9 /* MoviesCells */ = {
			isa = PBXGroup;
			children = (
				4E08D8B2230966E00081DBE9 /* MovieCell.swift */,
				4E08D8B5230968370081DBE9 /* UpComingCell.swift */,
				4E08D8B723096A8B0081DBE9 /* NowPlayingCell.swift */,
				4E08D8B923096AAD0081DBE9 /* PopluarCell.swift */,
				4E6C1E412309A22C00DC7E30 /* TopRatedCell.swift */,
				4E3714A12309A91400FD0BAA /* LatestCell.swift */,
			);
			path = MoviesCells;
			sourceTree = "<group>";
		};
		4E5FBB0E22FD948300DB4338 /* model */ = {
			isa = PBXGroup;
			children = (
				4E5FBB0F22FD949900DB4338 /* UserModel.swift */,
				4E5FA7B522FDC3FB0021B90E /* MovieModel.swift */,
				4E9A869022FEB09B00248ECA /* UserDetailsModel.swift */,
			);
			path = model;
			sourceTree = "<group>";
		};
		4E5FBB1122FD95EA00DB4338 /* Services */ = {
			isa = PBXGroup;
			children = (
				4E5FBB1222FD95FB00DB4338 /* Services.swift */,
				4EB351E423014AE4008B417C /* DataCaching.swift */,
			);
			path = Services;
			sourceTree = "<group>";
		};
		4E820B4423015AFD00094E71 /* MovieVC */ = {
			isa = PBXGroup;
			children = (
				4E9725D922FD6272002D288D /* HomeMoviesVC.swift */,
				4E8EC7E2233906650071B672 /* MovieListHorizentalVC.swift */,
				4EA9AA3E22FE92F1003C4492 /* MovieInformationVC.swift */,
			);
			path = MovieVC;
			sourceTree = "<group>";
		};
		4E8EC7E8233908170071B672 /* custom */ = {
			isa = PBXGroup;
			children = (
				4E8EC7E4233906B80071B672 /* SnappingHorizentalVC.swift */,
				4E8EC7E6233908030071B672 /* BetterSnappingLayout.swift */,
			);
			path = custom;
			sourceTree = "<group>";
		};
		4E9725B822FD6141002D288D = {
			isa = PBXGroup;
			children = (
				4E9725C322FD6141002D288D /* Movie App Task */,
				4E9725C222FD6141002D288D /* Products */,
				A45EA7969B13A8B05031B25C /* Pods */,
				EDDFA2DB160BCD2BDE67492E /* Frameworks */,
			);
			sourceTree = "<group>";
		};
		4E9725C222FD6141002D288D /* Products */ = {
			isa = PBXGroup;
			children = (
				4E9725C122FD6141002D288D /* Movie App Task.app */,
			);
			name = Products;
			sourceTree = "<group>";
		};
		4E9725C322FD6141002D288D /* Movie App Task */ = {
			isa = PBXGroup;
			children = (
				4E9725C422FD6141002D288D /* AppDelegate.swift */,
				4EB351E723014CE0008B417C /* Extensions */,
				4E5FBB1122FD95EA00DB4338 /* Services */,
				4E5FBB0E22FD948300DB4338 /* model */,
				4E9725DF22FD6632002D288D /* view */,
				4E9725D622FD6149002D288D /* controller */,
				4E8EC7E8233908170071B672 /* custom */,
				4E9725C822FD6141002D288D /* Main.storyboard */,
				4E9725CB22FD6142002D288D /* Assets.xcassets */,
				4E9725CD22FD6142002D288D /* LaunchScreen.storyboard */,
				4E9725D022FD6142002D288D /* Info.plist */,
			);
			path = "Movie App Task";
			sourceTree = "<group>";
		};
		4E9725D622FD6149002D288D /* controller */ = {
			isa = PBXGroup;
			children = (
				4E9725C622FD6141002D288D /* LoginVC.swift */,
				4E9725D722FD6232002D288D /* MainTabBarVC.swift */,
				4E9725DB22FD629A002D288D /* AccountVC.swift */,
				4E820B4423015AFD00094E71 /* MovieVC */,
				4E8EC7E9233916050071B672 /* SearchMoviesVC.swift */,
			);
			path = controller;
			sourceTree = "<group>";
		};
		4E9725DF22FD6632002D288D /* view */ = {
			isa = PBXGroup;
			children = (
				4E08D8B0230966A90081DBE9 /* BaseCell.swift */,
				4E9725E022FD6641002D288D /* CustomTextField.swift */,
				4EA9AA3C22FE83DE003C4492 /* MovieDetailsCell.swift */,
				4E08D8B42309681F0081DBE9 /* MoviesCells */,
				4E9AE9FE23097DB30092D31A /* HeaderCell.swift */,
				4EFD6091233B772000AF928A /* SearchCell.swift */,
			);
			path = view;
			sourceTree = "<group>";
		};
		4EB351E723014CE0008B417C /* Extensions */ = {
			isa = PBXGroup;
			children = (
				4EAE4F69233B8F410088FB06 /* ExtensionUivew.swift */,
			);
			path = Extensions;
			sourceTree = "<group>";
		};
		A45EA7969B13A8B05031B25C /* Pods */ = {
			isa = PBXGroup;
			children = (
				F2E7EED558903E2B0E6E98F3 /* Pods-Movie App Task.debug.xcconfig */,
				987ADFEC302C15A1FC9A0AC1 /* Pods-Movie App Task.release.xcconfig */,
			);
			path = Pods;
			sourceTree = "<group>";
		};
		EDDFA2DB160BCD2BDE67492E /* Frameworks */ = {
			isa = PBXGroup;
			children = (
				ABBDF5FFF900D1996431CE47 /* Pods_Movie_App_Task.framework */,
			);
			name = Frameworks;
			sourceTree = "<group>";
		};
/* End PBXGroup section */

/* Begin PBXNativeTarget section */
		4E9725C022FD6141002D288D /* Movie App Task */ = {
			isa = PBXNativeTarget;
			buildConfigurationList = 4E9725D322FD6142002D288D /* Build configuration list for PBXNativeTarget "Movie App Task" */;
			buildPhases = (
				FACA497E58073817B118B175 /* [CP] Check Pods Manifest.lock */,
				4E9725BD22FD6141002D288D /* Sources */,
				4E9725BE22FD6141002D288D /* Frameworks */,
				4E9725BF22FD6141002D288D /* Resources */,
				706D30D201C402FC68F4BE6B /* [CP] Embed Pods Frameworks */,
			);
			buildRules = (
			);
			dependencies = (
			);
			name = "Movie App Task";
			productName = "Movie App Task";
			productReference = 4E9725C122FD6141002D288D /* Movie App Task.app */;
			productType = "com.apple.product-type.application";
		};
/* End PBXNativeTarget section */

/* Begin PBXProject section */
		4E9725B922FD6141002D288D /* Project object */ = {
			isa = PBXProject;
			attributes = {
				LastSwiftUpdateCheck = 1020;
				LastUpgradeCheck = 1020;
				ORGANIZATIONNAME = hosam;
				TargetAttributes = {
					4E9725C022FD6141002D288D = {
						CreatedOnToolsVersion = 10.2.1;
					};
				};
			};
			buildConfigurationList = 4E9725BC22FD6141002D288D /* Build configuration list for PBXProject "Movie App Task" */;
			compatibilityVersion = "Xcode 9.3";
			developmentRegion = en;
			hasScannedForEncodings = 0;
			knownRegions = (
				en,
				Base,
			);
			mainGroup = 4E9725B822FD6141002D288D;
			productRefGroup = 4E9725C222FD6141002D288D /* Products */;
			projectDirPath = "";
			projectRoot = "";
			targets = (
				4E9725C022FD6141002D288D /* Movie App Task */,
			);
		};
/* End PBXProject section */

/* Begin PBXResourcesBuildPhase section */
		4E9725BF22FD6141002D288D /* Resources */ = {
			isa = PBXResourcesBuildPhase;
			buildActionMask = 2147483647;
			files = (
				4E9725CF22FD6142002D288D /* LaunchScreen.storyboard in Resources */,
				4E9725CC22FD6142002D288D /* Assets.xcassets in Resources */,
				4E9725CA22FD6141002D288D /* Main.storyboard in Resources */,
			);
			runOnlyForDeploymentPostprocessing = 0;
		};
/* End PBXResourcesBuildPhase section */

/* Begin PBXShellScriptBuildPhase section */
		706D30D201C402FC68F4BE6B /* [CP] Embed Pods Frameworks */ = {
			isa = PBXShellScriptBuildPhase;
			buildActionMask = 2147483647;
			files = (
			);
			inputFileListPaths = (
				"${PODS_ROOT}/Target Support Files/Pods-Movie App Task/Pods-Movie App Task-frameworks-${CONFIGURATION}-input-files.xcfilelist",
			);
			name = "[CP] Embed Pods Frameworks";
			outputFileListPaths = (
				"${PODS_ROOT}/Target Support Files/Pods-Movie App Task/Pods-Movie App Task-frameworks-${CONFIGURATION}-output-files.xcfilelist",
			);
			runOnlyForDeploymentPostprocessing = 0;
			shellPath = /bin/sh;
			shellScript = "\"${PODS_ROOT}/Target Support Files/Pods-Movie App Task/Pods-Movie App Task-frameworks.sh\"\n";
			showEnvVarsInLog = 0;
		};
		FACA497E58073817B118B175 /* [CP] Check Pods Manifest.lock */ = {
			isa = PBXShellScriptBuildPhase;
			buildActionMask = 2147483647;
			files = (
			);
			inputFileListPaths = (
			);
			inputPaths = (
				"${PODS_PODFILE_DIR_PATH}/Podfile.lock",
				"${PODS_ROOT}/Manifest.lock",
			);
			name = "[CP] Check Pods Manifest.lock";
			outputFileListPaths = (
			);
			outputPaths = (
				"$(DERIVED_FILE_DIR)/Pods-Movie App Task-checkManifestLockResult.txt",
			);
			runOnlyForDeploymentPostprocessing = 0;
			shellPath = /bin/sh;
			shellScript = "diff \"${PODS_PODFILE_DIR_PATH}/Podfile.lock\" \"${PODS_ROOT}/Manifest.lock\" > /dev/null\nif [ $? != 0 ] ; then\n    # print error to STDERR\n    echo \"error: The sandbox is not in sync with the Podfile.lock. Run 'pod install' or update your CocoaPods installation.\" >&2\n    exit 1\nfi\n# This output is used by Xcode 'outputs' to avoid re-running this script phase.\necho \"SUCCESS\" > \"${SCRIPT_OUTPUT_FILE_0}\"\n";
			showEnvVarsInLog = 0;
		};
/* End PBXShellScriptBuildPhase section */

/* Begin PBXSourcesBuildPhase section */
		4E9725BD22FD6141002D288D /* Sources */ = {
			isa = PBXSourcesBuildPhase;
			buildActionMask = 2147483647;
			files = (
				4E5FA7B622FDC3FB0021B90E /* MovieModel.swift in Sources */,
				4E08D8B3230966E00081DBE9 /* MovieCell.swift in Sources */,
				4EB351E523014AE4008B417C /* DataCaching.swift in Sources */,
				4E08D8B6230968370081DBE9 /* UpComingCell.swift in Sources */,
				4E8EC7E5233906B80071B672 /* SnappingHorizentalVC.swift in Sources */,
				4EA9AA3D22FE83DE003C4492 /* MovieDetailsCell.swift in Sources */,
				4E9725E122FD6641002D288D /* CustomTextField.swift in Sources */,
				4E08D8B1230966A90081DBE9 /* BaseCell.swift in Sources */,
				4E9725DA22FD6272002D288D /* HomeMoviesVC.swift in Sources */,
				4E8EC7E7233908030071B672 /* BetterSnappingLayout.swift in Sources */,
				4E5FBB1022FD949900DB4338 /* UserModel.swift in Sources */,
				4E9725DC22FD629A002D288D /* AccountVC.swift in Sources */,
				4E8EC7E3233906650071B672 /* MovieListHorizentalVC.swift in Sources */,
				4E9725C722FD6141002D288D /* LoginVC.swift in Sources */,
				4E6C1E422309A22C00DC7E30 /* TopRatedCell.swift in Sources */,
				4E9725D822FD6232002D288D /* MainTabBarVC.swift in Sources */,
				4EFD6092233B772000AF928A /* SearchCell.swift in Sources */,
				4E9AE9FF23097DB30092D31A /* HeaderCell.swift in Sources */,
				4E5FBB1322FD95FB00DB4338 /* Services.swift in Sources */,
				4E9A869122FEB09B00248ECA /* UserDetailsModel.swift in Sources */,
				4E3714A22309A91400FD0BAA /* LatestCell.swift in Sources */,
				4E08D8BA23096AAD0081DBE9 /* PopluarCell.swift in Sources */,
				4E8EC7EA233916050071B672 /* SearchMoviesVC.swift in Sources */,
				4EAE4F6A233B8F410088FB06 /* ExtensionUivew.swift in Sources */,
				4EA9AA3F22FE92F1003C4492 /* MovieInformationVC.swift in Sources */,
				4E08D8B823096A8B0081DBE9 /* NowPlayingCell.swift in Sources */,
				4E9725C522FD6141002D288D /* AppDelegate.swift in Sources */,
			);
			runOnlyForDeploymentPostprocessing = 0;
		};
/* End PBXSourcesBuildPhase section */

/* Begin PBXVariantGroup section */
		4E9725C822FD6141002D288D /* Main.storyboard */ = {
			isa = PBXVariantGroup;
			children = (
				4E9725C922FD6141002D288D /* Base */,
			);
			name = Main.storyboard;
			sourceTree = "<group>";
		};
		4E9725CD22FD6142002D288D /* LaunchScreen.storyboard */ = {
			isa = PBXVariantGroup;
			children = (
				4E9725CE22FD6142002D288D /* Base */,
			);
			name = LaunchScreen.storyboard;
			sourceTree = "<group>";
		};
/* End PBXVariantGroup section */

/* Begin XCBuildConfiguration section */
		4E9725D122FD6142002D288D /* Debug */ = {
			isa = XCBuildConfiguration;
			buildSettings = {
				ALWAYS_SEARCH_USER_PATHS = NO;
				CLANG_ANALYZER_NONNULL = YES;
				CLANG_ANALYZER_NUMBER_OBJECT_CONVERSION = YES_AGGRESSIVE;
				CLANG_CXX_LANGUAGE_STANDARD = "gnu++14";
				CLANG_CXX_LIBRARY = "libc++";
				CLANG_ENABLE_MODULES = YES;
				CLANG_ENABLE_OBJC_ARC = YES;
				CLANG_ENABLE_OBJC_WEAK = YES;
				CLANG_WARN_BLOCK_CAPTURE_AUTORELEASING = YES;
				CLANG_WARN_BOOL_CONVERSION = YES;
				CLANG_WARN_COMMA = YES;
				CLANG_WARN_CONSTANT_CONVERSION = YES;
				CLANG_WARN_DEPRECATED_OBJC_IMPLEMENTATIONS = YES;
				CLANG_WARN_DIRECT_OBJC_ISA_USAGE = YES_ERROR;
				CLANG_WARN_DOCUMENTATION_COMMENTS = YES;
				CLANG_WARN_EMPTY_BODY = YES;
				CLANG_WARN_ENUM_CONVERSION = YES;
				CLANG_WARN_INFINITE_RECURSION = YES;
				CLANG_WARN_INT_CONVERSION = YES;
				CLANG_WARN_NON_LITERAL_NULL_CONVERSION = YES;
				CLANG_WARN_OBJC_IMPLICIT_RETAIN_SELF = YES;
				CLANG_WARN_OBJC_LITERAL_CONVERSION = YES;
				CLANG_WARN_OBJC_ROOT_CLASS = YES_ERROR;
				CLANG_WARN_RANGE_LOOP_ANALYSIS = YES;
				CLANG_WARN_STRICT_PROTOTYPES = YES;
				CLANG_WARN_SUSPICIOUS_MOVE = YES;
				CLANG_WARN_UNGUARDED_AVAILABILITY = YES_AGGRESSIVE;
				CLANG_WARN_UNREACHABLE_CODE = YES;
				CLANG_WARN__DUPLICATE_METHOD_MATCH = YES;
				CODE_SIGN_IDENTITY = "iPhone Developer";
				COPY_PHASE_STRIP = NO;
				DEBUG_INFORMATION_FORMAT = dwarf;
				ENABLE_STRICT_OBJC_MSGSEND = YES;
				ENABLE_TESTABILITY = YES;
				GCC_C_LANGUAGE_STANDARD = gnu11;
				GCC_DYNAMIC_NO_PIC = NO;
				GCC_NO_COMMON_BLOCKS = YES;
				GCC_OPTIMIZATION_LEVEL = 0;
				GCC_PREPROCESSOR_DEFINITIONS = (
					"DEBUG=1",
					"$(inherited)",
				);
				GCC_WARN_64_TO_32_BIT_CONVERSION = YES;
				GCC_WARN_ABOUT_RETURN_TYPE = YES_ERROR;
				GCC_WARN_UNDECLARED_SELECTOR = YES;
				GCC_WARN_UNINITIALIZED_AUTOS = YES_AGGRESSIVE;
				GCC_WARN_UNUSED_FUNCTION = YES;
				GCC_WARN_UNUSED_VARIABLE = YES;
				IPHONEOS_DEPLOYMENT_TARGET = 12.2;
				MTL_ENABLE_DEBUG_INFO = INCLUDE_SOURCE;
				MTL_FAST_MATH = YES;
				ONLY_ACTIVE_ARCH = YES;
				SDKROOT = iphoneos;
				SWIFT_ACTIVE_COMPILATION_CONDITIONS = DEBUG;
				SWIFT_OPTIMIZATION_LEVEL = "-Onone";
			};
			name = Debug;
		};
		4E9725D222FD6142002D288D /* Release */ = {
			isa = XCBuildConfiguration;
			buildSettings = {
				ALWAYS_SEARCH_USER_PATHS = NO;
				CLANG_ANALYZER_NONNULL = YES;
				CLANG_ANALYZER_NUMBER_OBJECT_CONVERSION = YES_AGGRESSIVE;
				CLANG_CXX_LANGUAGE_STANDARD = "gnu++14";
				CLANG_CXX_LIBRARY = "libc++";
				CLANG_ENABLE_MODULES = YES;
				CLANG_ENABLE_OBJC_ARC = YES;
				CLANG_ENABLE_OBJC_WEAK = YES;
				CLANG_WARN_BLOCK_CAPTURE_AUTORELEASING = YES;
				CLANG_WARN_BOOL_CONVERSION = YES;
				CLANG_WARN_COMMA = YES;
				CLANG_WARN_CONSTANT_CONVERSION = YES;
				CLANG_WARN_DEPRECATED_OBJC_IMPLEMENTATIONS = YES;
				CLANG_WARN_DIRECT_OBJC_ISA_USAGE = YES_ERROR;
				CLANG_WARN_DOCUMENTATION_COMMENTS = YES;
				CLANG_WARN_EMPTY_BODY = YES;
				CLANG_WARN_ENUM_CONVERSION = YES;
				CLANG_WARN_INFINITE_RECURSION = YES;
				CLANG_WARN_INT_CONVERSION = YES;
				CLANG_WARN_NON_LITERAL_NULL_CONVERSION = YES;
				CLANG_WARN_OBJC_IMPLICIT_RETAIN_SELF = YES;
				CLANG_WARN_OBJC_LITERAL_CONVERSION = YES;
				CLANG_WARN_OBJC_ROOT_CLASS = YES_ERROR;
				CLANG_WARN_RANGE_LOOP_ANALYSIS = YES;
				CLANG_WARN_STRICT_PROTOTYPES = YES;
				CLANG_WARN_SUSPICIOUS_MOVE = YES;
				CLANG_WARN_UNGUARDED_AVAILABILITY = YES_AGGRESSIVE;
				CLANG_WARN_UNREACHABLE_CODE = YES;
				CLANG_WARN__DUPLICATE_METHOD_MATCH = YES;
				CODE_SIGN_IDENTITY = "iPhone Developer";
				COPY_PHASE_STRIP = NO;
				DEBUG_INFORMATION_FORMAT = "dwarf-with-dsym";
				ENABLE_NS_ASSERTIONS = NO;
				ENABLE_STRICT_OBJC_MSGSEND = YES;
				GCC_C_LANGUAGE_STANDARD = gnu11;
				GCC_NO_COMMON_BLOCKS = YES;
				GCC_WARN_64_TO_32_BIT_CONVERSION = YES;
				GCC_WARN_ABOUT_RETURN_TYPE = YES_ERROR;
				GCC_WARN_UNDECLARED_SELECTOR = YES;
				GCC_WARN_UNINITIALIZED_AUTOS = YES_AGGRESSIVE;
				GCC_WARN_UNUSED_FUNCTION = YES;
				GCC_WARN_UNUSED_VARIABLE = YES;
				IPHONEOS_DEPLOYMENT_TARGET = 12.2;
				MTL_ENABLE_DEBUG_INFO = NO;
				MTL_FAST_MATH = YES;
				SDKROOT = iphoneos;
				SWIFT_COMPILATION_MODE = wholemodule;
				SWIFT_OPTIMIZATION_LEVEL = "-O";
				VALIDATE_PRODUCT = YES;
			};
			name = Release;
		};
		4E9725D422FD6142002D288D /* Debug */ = {
			isa = XCBuildConfiguration;
			baseConfigurationReference = F2E7EED558903E2B0E6E98F3 /* Pods-Movie App Task.debug.xcconfig */;
			buildSettings = {
				ASSETCATALOG_COMPILER_APPICON_NAME = AppIcon;
				CODE_SIGN_STYLE = Automatic;
				DEVELOPMENT_TEAM = 5RTZJMVRS2;
				INFOPLIST_FILE = "Movie App Task/Info.plist";
				LD_RUNPATH_SEARCH_PATHS = (
					"$(inherited)",
					"@executable_path/Frameworks",
				);
				PRODUCT_BUNDLE_IDENTIFIER = "com.hosam.net.Movie-App-Task";
				PRODUCT_NAME = "$(TARGET_NAME)";
				SWIFT_VERSION = 5.0;
				TARGETED_DEVICE_FAMILY = "1,2";
			};
			name = Debug;
		};
		4E9725D522FD6142002D288D /* Release */ = {
			isa = XCBuildConfiguration;
			baseConfigurationReference = 987ADFEC302C15A1FC9A0AC1 /* Pods-Movie App Task.release.xcconfig */;
			buildSettings = {
				ASSETCATALOG_COMPILER_APPICON_NAME = AppIcon;
				CODE_SIGN_STYLE = Automatic;
				DEVELOPMENT_TEAM = 5RTZJMVRS2;
				INFOPLIST_FILE = "Movie App Task/Info.plist";
				LD_RUNPATH_SEARCH_PATHS = (
					"$(inherited)",
					"@executable_path/Frameworks",
				);
				PRODUCT_BUNDLE_IDENTIFIER = "com.hosam.net.Movie-App-Task";
				PRODUCT_NAME = "$(TARGET_NAME)";
				SWIFT_VERSION = 5.0;
				TARGETED_DEVICE_FAMILY = "1,2";
			};
			name = Release;
		};
/* End XCBuildConfiguration section */

/* Begin XCConfigurationList section */
		4E9725BC22FD6141002D288D /* Build configuration list for PBXProject "Movie App Task" */ = {
			isa = XCConfigurationList;
			buildConfigurations = (
				4E9725D122FD6142002D288D /* Debug */,
				4E9725D222FD6142002D288D /* Release */,
			);
			defaultConfigurationIsVisible = 0;
			defaultConfigurationName = Release;
		};
		4E9725D322FD6142002D288D /* Build configuration list for PBXNativeTarget "Movie App Task" */ = {
			isa = XCConfigurationList;
			buildConfigurations = (
				4E9725D422FD6142002D288D /* Debug */,
				4E9725D522FD6142002D288D /* Release */,
			);
			defaultConfigurationIsVisible = 0;
			defaultConfigurationName = Release;
		};
/* End XCConfigurationList section */
	};
	rootObject = 4E9725B922FD6141002D288D /* Project object */;
}
